// !$*UTF8*$!
{
	archiveVersion = 1;
	classes = {
	};
	objectVersion = 46;
	objects = {

/* Begin PBXBuildFile section */
		3FF58FBE0DEDEB3FCC7DEF05 /* libPods-BeacappiOSSampleTests.a in Frameworks */ = {isa = PBXBuildFile; fileRef = 09A8A0D4D28AB9D4126891FE /* libPods-BeacappiOSSampleTests.a */; };
		67A12118E2B31DDDD9546A54 /* libPods-BeacappiOSSampleUITests.a in Frameworks */ = {isa = PBXBuildFile; fileRef = EA4E40D81E04F7F6058071D3 /* libPods-BeacappiOSSampleUITests.a */; };
		AEB3724D1D20EE990072BBF5 /* main.m in Sources */ = {isa = PBXBuildFile; fileRef = AEB3724C1D20EE990072BBF5 /* main.m */; };
		AEB372501D20EE990072BBF5 /* AppDelegate.m in Sources */ = {isa = PBXBuildFile; fileRef = AEB3724F1D20EE990072BBF5 /* AppDelegate.m */; };
		AEB372531D20EE990072BBF5 /* ViewController.m in Sources */ = {isa = PBXBuildFile; fileRef = AEB372521D20EE990072BBF5 /* ViewController.m */; };
		AEB372561D20EE990072BBF5 /* Main.storyboard in Resources */ = {isa = PBXBuildFile; fileRef = AEB372541D20EE990072BBF5 /* Main.storyboard */; };
		AEB372581D20EE990072BBF5 /* Assets.xcassets in Resources */ = {isa = PBXBuildFile; fileRef = AEB372571D20EE990072BBF5 /* Assets.xcassets */; };
		AEB3725B1D20EE990072BBF5 /* LaunchScreen.storyboard in Resources */ = {isa = PBXBuildFile; fileRef = AEB372591D20EE990072BBF5 /* LaunchScreen.storyboard */; };
		AEB372661D20EE990072BBF5 /* BeacappiOSSampleTests.m in Sources */ = {isa = PBXBuildFile; fileRef = AEB372651D20EE990072BBF5 /* BeacappiOSSampleTests.m */; };
		AEB372711D20EE990072BBF5 /* BeacappiOSSampleUITests.m in Sources */ = {isa = PBXBuildFile; fileRef = AEB372701D20EE990072BBF5 /* BeacappiOSSampleUITests.m */; };
		EFA99F20E89018782D55A073 /* libPods-BeacappiOSSample.a in Frameworks */ = {isa = PBXBuildFile; fileRef = 515433575FD15A4D76CF9A0E /* libPods-BeacappiOSSample.a */; };
/* End PBXBuildFile section */

/* Begin PBXContainerItemProxy section */
		AEB372621D20EE990072BBF5 /* PBXContainerItemProxy */ = {
			isa = PBXContainerItemProxy;
			containerPortal = AEB372401D20EE990072BBF5 /* Project object */;
			proxyType = 1;
			remoteGlobalIDString = AEB372471D20EE990072BBF5;
			remoteInfo = BeacappiOSSample;
		};
		AEB3726D1D20EE990072BBF5 /* PBXContainerItemProxy */ = {
			isa = PBXContainerItemProxy;
			containerPortal = AEB372401D20EE990072BBF5 /* Project object */;
			proxyType = 1;
			remoteGlobalIDString = AEB372471D20EE990072BBF5;
			remoteInfo = BeacappiOSSample;
		};
/* End PBXContainerItemProxy section */

/* Begin PBXFileReference section */
		0198A5EF498AB84A07FF316A /* Pods-BeacappiOSSampleTests.debug.xcconfig */ = {isa = PBXFileReference; includeInIndex = 1; lastKnownFileType = text.xcconfig; name = "Pods-BeacappiOSSampleTests.debug.xcconfig"; path = "Pods/Target Support Files/Pods-BeacappiOSSampleTests/Pods-BeacappiOSSampleTests.debug.xcconfig"; sourceTree = "<group>"; };
		09A8A0D4D28AB9D4126891FE /* libPods-BeacappiOSSampleTests.a */ = {isa = PBXFileReference; explicitFileType = archive.ar; includeInIndex = 0; path = "libPods-BeacappiOSSampleTests.a"; sourceTree = BUILT_PRODUCTS_DIR; };
		515433575FD15A4D76CF9A0E /* libPods-BeacappiOSSample.a */ = {isa = PBXFileReference; explicitFileType = archive.ar; includeInIndex = 0; path = "libPods-BeacappiOSSample.a"; sourceTree = BUILT_PRODUCTS_DIR; };
		65BDF092FE921DF7DAAE227C /* Pods-BeacappiOSSampleUITests.release.xcconfig */ = {isa = PBXFileReference; includeInIndex = 1; lastKnownFileType = text.xcconfig; name = "Pods-BeacappiOSSampleUITests.release.xcconfig"; path = "Pods/Target Support Files/Pods-BeacappiOSSampleUITests/Pods-BeacappiOSSampleUITests.release.xcconfig"; sourceTree = "<group>"; };
		AEB372481D20EE990072BBF5 /* BeacappiOSSample.app */ = {isa = PBXFileReference; explicitFileType = wrapper.application; includeInIndex = 0; path = BeacappiOSSample.app; sourceTree = BUILT_PRODUCTS_DIR; };
		AEB3724C1D20EE990072BBF5 /* main.m */ = {isa = PBXFileReference; lastKnownFileType = sourcecode.c.objc; path = main.m; sourceTree = "<group>"; };
		AEB3724E1D20EE990072BBF5 /* AppDelegate.h */ = {isa = PBXFileReference; lastKnownFileType = sourcecode.c.h; path = AppDelegate.h; sourceTree = "<group>"; };
		AEB3724F1D20EE990072BBF5 /* AppDelegate.m */ = {isa = PBXFileReference; lastKnownFileType = sourcecode.c.objc; path = AppDelegate.m; sourceTree = "<group>"; };
		AEB372511D20EE990072BBF5 /* ViewController.h */ = {isa = PBXFileReference; lastKnownFileType = sourcecode.c.h; path = ViewController.h; sourceTree = "<group>"; };
		AEB372521D20EE990072BBF5 /* ViewController.m */ = {isa = PBXFileReference; lastKnownFileType = sourcecode.c.objc; path = ViewController.m; sourceTree = "<group>"; };
		AEB372551D20EE990072BBF5 /* Base */ = {isa = PBXFileReference; lastKnownFileType = file.storyboard; name = Base; path = Base.lproj/Main.storyboard; sourceTree = "<group>"; };
		AEB372571D20EE990072BBF5 /* Assets.xcassets */ = {isa = PBXFileReference; lastKnownFileType = folder.assetcatalog; path = Assets.xcassets; sourceTree = "<group>"; };
		AEB3725A1D20EE990072BBF5 /* Base */ = {isa = PBXFileReference; lastKnownFileType = file.storyboard; name = Base; path = Base.lproj/LaunchScreen.storyboard; sourceTree = "<group>"; };
		AEB3725C1D20EE990072BBF5 /* Info.plist */ = {isa = PBXFileReference; lastKnownFileType = text.plist.xml; path = Info.plist; sourceTree = "<group>"; };
		AEB372611D20EE990072BBF5 /* BeacappiOSSampleTests.xctest */ = {isa = PBXFileReference; explicitFileType = wrapper.cfbundle; includeInIndex = 0; path = BeacappiOSSampleTests.xctest; sourceTree = BUILT_PRODUCTS_DIR; };
		AEB372651D20EE990072BBF5 /* BeacappiOSSampleTests.m */ = {isa = PBXFileReference; lastKnownFileType = sourcecode.c.objc; path = BeacappiOSSampleTests.m; sourceTree = "<group>"; };
		AEB372671D20EE990072BBF5 /* Info.plist */ = {isa = PBXFileReference; lastKnownFileType = text.plist.xml; path = Info.plist; sourceTree = "<group>"; };
		AEB3726C1D20EE990072BBF5 /* BeacappiOSSampleUITests.xctest */ = {isa = PBXFileReference; explicitFileType = wrapper.cfbundle; includeInIndex = 0; path = BeacappiOSSampleUITests.xctest; sourceTree = BUILT_PRODUCTS_DIR; };
		AEB372701D20EE990072BBF5 /* BeacappiOSSampleUITests.m */ = {isa = PBXFileReference; lastKnownFileType = sourcecode.c.objc; path = BeacappiOSSampleUITests.m; sourceTree = "<group>"; };
		AEB372721D20EE990072BBF5 /* Info.plist */ = {isa = PBXFileReference; lastKnownFileType = text.plist.xml; path = Info.plist; sourceTree = "<group>"; };
		B727BAA5D1CF505CCF1F5B8B /* Pods-BeacappiOSSampleUITests.debug.xcconfig */ = {isa = PBXFileReference; includeInIndex = 1; lastKnownFileType = text.xcconfig; name = "Pods-BeacappiOSSampleUITests.debug.xcconfig"; path = "Pods/Target Support Files/Pods-BeacappiOSSampleUITests/Pods-BeacappiOSSampleUITests.debug.xcconfig"; sourceTree = "<group>"; };
		C356FA92E51E92652DA83C82 /* Pods-BeacappiOSSampleTests.release.xcconfig */ = {isa = PBXFileReference; includeInIndex = 1; lastKnownFileType = text.xcconfig; name = "Pods-BeacappiOSSampleTests.release.xcconfig"; path = "Pods/Target Support Files/Pods-BeacappiOSSampleTests/Pods-BeacappiOSSampleTests.release.xcconfig"; sourceTree = "<group>"; };
		E05E811EF9177952E1D88ABB /* Pods-BeacappiOSSample.debug.xcconfig */ = {isa = PBXFileReference; includeInIndex = 1; lastKnownFileType = text.xcconfig; name = "Pods-BeacappiOSSample.debug.xcconfig"; path = "Pods/Target Support Files/Pods-BeacappiOSSample/Pods-BeacappiOSSample.debug.xcconfig"; sourceTree = "<group>"; };
		E87A8A1A6EE766D723FBFD20 /* Pods-BeacappiOSSample.release.xcconfig */ = {isa = PBXFileReference; includeInIndex = 1; lastKnownFileType = text.xcconfig; name = "Pods-BeacappiOSSample.release.xcconfig"; path = "Pods/Target Support Files/Pods-BeacappiOSSample/Pods-BeacappiOSSample.release.xcconfig"; sourceTree = "<group>"; };
		EA4E40D81E04F7F6058071D3 /* libPods-BeacappiOSSampleUITests.a */ = {isa = PBXFileReference; explicitFileType = archive.ar; includeInIndex = 0; path = "libPods-BeacappiOSSampleUITests.a"; sourceTree = BUILT_PRODUCTS_DIR; };
/* End PBXFileReference section */

/* Begin PBXFrameworksBuildPhase section */
		AEB372451D20EE990072BBF5 /* Frameworks */ = {
			isa = PBXFrameworksBuildPhase;
			buildActionMask = 2147483647;
			files = (
				EFA99F20E89018782D55A073 /* libPods-BeacappiOSSample.a in Frameworks */,
			);
			runOnlyForDeploymentPostprocessing = 0;
		};
		AEB3725E1D20EE990072BBF5 /* Frameworks */ = {
			isa = PBXFrameworksBuildPhase;
			buildActionMask = 2147483647;
			files = (
				3FF58FBE0DEDEB3FCC7DEF05 /* libPods-BeacappiOSSampleTests.a in Frameworks */,
			);
			runOnlyForDeploymentPostprocessing = 0;
		};
		AEB372691D20EE990072BBF5 /* Frameworks */ = {
			isa = PBXFrameworksBuildPhase;
			buildActionMask = 2147483647;
			files = (
				67A12118E2B31DDDD9546A54 /* libPods-BeacappiOSSampleUITests.a in Frameworks */,
			);
			runOnlyForDeploymentPostprocessing = 0;
		};
/* End PBXFrameworksBuildPhase section */

/* Begin PBXGroup section */
		8ED48C5330814CA2F3619DCB /* Frameworks */ = {
			isa = PBXGroup;
			children = (
				515433575FD15A4D76CF9A0E /* libPods-BeacappiOSSample.a */,
				09A8A0D4D28AB9D4126891FE /* libPods-BeacappiOSSampleTests.a */,
				EA4E40D81E04F7F6058071D3 /* libPods-BeacappiOSSampleUITests.a */,
			);
			name = Frameworks;
			sourceTree = "<group>";
		};
		AEB3723F1D20EE990072BBF5 = {
			isa = PBXGroup;
			children = (
				AEB3724A1D20EE990072BBF5 /* BeacappiOSSample */,
				AEB372641D20EE990072BBF5 /* BeacappiOSSampleTests */,
				AEB3726F1D20EE990072BBF5 /* BeacappiOSSampleUITests */,
				AEB372491D20EE990072BBF5 /* Products */,
				C2E00AB09DF7DEEF8BAE62F8 /* Pods */,
				8ED48C5330814CA2F3619DCB /* Frameworks */,
			);
			sourceTree = "<group>";
		};
		AEB372491D20EE990072BBF5 /* Products */ = {
			isa = PBXGroup;
			children = (
				AEB372481D20EE990072BBF5 /* BeacappiOSSample.app */,
				AEB372611D20EE990072BBF5 /* BeacappiOSSampleTests.xctest */,
				AEB3726C1D20EE990072BBF5 /* BeacappiOSSampleUITests.xctest */,
			);
			name = Products;
			sourceTree = "<group>";
		};
		AEB3724A1D20EE990072BBF5 /* BeacappiOSSample */ = {
			isa = PBXGroup;
			children = (
				AEB3724E1D20EE990072BBF5 /* AppDelegate.h */,
				AEB3724F1D20EE990072BBF5 /* AppDelegate.m */,
				AEB372511D20EE990072BBF5 /* ViewController.h */,
				AEB372521D20EE990072BBF5 /* ViewController.m */,
				AEB372541D20EE990072BBF5 /* Main.storyboard */,
				AEB372571D20EE990072BBF5 /* Assets.xcassets */,
				AEB372591D20EE990072BBF5 /* LaunchScreen.storyboard */,
				AEB3725C1D20EE990072BBF5 /* Info.plist */,
				AEB3724B1D20EE990072BBF5 /* Supporting Files */,
			);
			path = BeacappiOSSample;
			sourceTree = "<group>";
		};
		AEB3724B1D20EE990072BBF5 /* Supporting Files */ = {
			isa = PBXGroup;
			children = (
				AEB3724C1D20EE990072BBF5 /* main.m */,
			);
			name = "Supporting Files";
			sourceTree = "<group>";
		};
		AEB372641D20EE990072BBF5 /* BeacappiOSSampleTests */ = {
			isa = PBXGroup;
			children = (
				AEB372651D20EE990072BBF5 /* BeacappiOSSampleTests.m */,
				AEB372671D20EE990072BBF5 /* Info.plist */,
			);
			path = BeacappiOSSampleTests;
			sourceTree = "<group>";
		};
		AEB3726F1D20EE990072BBF5 /* BeacappiOSSampleUITests */ = {
			isa = PBXGroup;
			children = (
				AEB372701D20EE990072BBF5 /* BeacappiOSSampleUITests.m */,
				AEB372721D20EE990072BBF5 /* Info.plist */,
			);
			path = BeacappiOSSampleUITests;
			sourceTree = "<group>";
		};
		C2E00AB09DF7DEEF8BAE62F8 /* Pods */ = {
			isa = PBXGroup;
			children = (
				E05E811EF9177952E1D88ABB /* Pods-BeacappiOSSample.debug.xcconfig */,
				E87A8A1A6EE766D723FBFD20 /* Pods-BeacappiOSSample.release.xcconfig */,
				0198A5EF498AB84A07FF316A /* Pods-BeacappiOSSampleTests.debug.xcconfig */,
				C356FA92E51E92652DA83C82 /* Pods-BeacappiOSSampleTests.release.xcconfig */,
				B727BAA5D1CF505CCF1F5B8B /* Pods-BeacappiOSSampleUITests.debug.xcconfig */,
				65BDF092FE921DF7DAAE227C /* Pods-BeacappiOSSampleUITests.release.xcconfig */,
			);
			name = Pods;
			sourceTree = "<group>";
		};
/* End PBXGroup section */

/* Begin PBXNativeTarget section */
		AEB372471D20EE990072BBF5 /* BeacappiOSSample */ = {
			isa = PBXNativeTarget;
			buildConfigurationList = AEB372751D20EE990072BBF5 /* Build configuration list for PBXNativeTarget "BeacappiOSSample" */;
			buildPhases = (
				C4BBD3E378A968F24C0760AB /* [CP] Check Pods Manifest.lock */,
				AEB372441D20EE990072BBF5 /* Sources */,
				AEB372451D20EE990072BBF5 /* Frameworks */,
				AEB372461D20EE990072BBF5 /* Resources */,
				0B503B11964B13DF2310B45F /* [CP] Embed Pods Frameworks */,
				FF7E91455BA09137C512A1D1 /* [CP] Copy Pods Resources */,
			);
			buildRules = (
			);
			dependencies = (
			);
			name = BeacappiOSSample;
			productName = BeacappiOSSample;
			productReference = AEB372481D20EE990072BBF5 /* BeacappiOSSample.app */;
			productType = "com.apple.product-type.application";
		};
		AEB372601D20EE990072BBF5 /* BeacappiOSSampleTests */ = {
			isa = PBXNativeTarget;
			buildConfigurationList = AEB372781D20EE990072BBF5 /* Build configuration list for PBXNativeTarget "BeacappiOSSampleTests" */;
			buildPhases = (
				F12369CF3394D93D42F1E308 /* [CP] Check Pods Manifest.lock */,
				AEB3725D1D20EE990072BBF5 /* Sources */,
				AEB3725E1D20EE990072BBF5 /* Frameworks */,
				AEB3725F1D20EE990072BBF5 /* Resources */,
				D9145A75F266BC0E76B81851 /* [CP] Embed Pods Frameworks */,
				7F57886D34502B86E7439366 /* [CP] Copy Pods Resources */,
			);
			buildRules = (
			);
			dependencies = (
				AEB372631D20EE990072BBF5 /* PBXTargetDependency */,
			);
			name = BeacappiOSSampleTests;
			productName = BeacappiOSSampleTests;
			productReference = AEB372611D20EE990072BBF5 /* BeacappiOSSampleTests.xctest */;
			productType = "com.apple.product-type.bundle.unit-test";
		};
		AEB3726B1D20EE990072BBF5 /* BeacappiOSSampleUITests */ = {
			isa = PBXNativeTarget;
			buildConfigurationList = AEB3727B1D20EE990072BBF5 /* Build configuration list for PBXNativeTarget "BeacappiOSSampleUITests" */;
			buildPhases = (
				16BB674C261E0F02424BEF25 /* [CP] Check Pods Manifest.lock */,
				AEB372681D20EE990072BBF5 /* Sources */,
				AEB372691D20EE990072BBF5 /* Frameworks */,
				AEB3726A1D20EE990072BBF5 /* Resources */,
				55C078DE248FD3BB8D7B0426 /* [CP] Copy Pods Resources */,
			);
			buildRules = (
			);
			dependencies = (
				AEB3726E1D20EE990072BBF5 /* PBXTargetDependency */,
			);
			name = BeacappiOSSampleUITests;
			productName = BeacappiOSSampleUITests;
			productReference = AEB3726C1D20EE990072BBF5 /* BeacappiOSSampleUITests.xctest */;
			productType = "com.apple.product-type.bundle.ui-testing";
		};
/* End PBXNativeTarget section */

/* Begin PBXProject section */
		AEB372401D20EE990072BBF5 /* Project object */ = {
			isa = PBXProject;
			attributes = {
				LastUpgradeCheck = 0730;
				ORGANIZATIONNAME = "遠藤武宣";
				TargetAttributes = {
					AEB372471D20EE990072BBF5 = {
						CreatedOnToolsVersion = 7.3.1;
					};
					AEB372601D20EE990072BBF5 = {
						CreatedOnToolsVersion = 7.3.1;
						TestTargetID = AEB372471D20EE990072BBF5;
					};
					AEB3726B1D20EE990072BBF5 = {
						CreatedOnToolsVersion = 7.3.1;
						TestTargetID = AEB372471D20EE990072BBF5;
					};
				};
			};
			buildConfigurationList = AEB372431D20EE990072BBF5 /* Build configuration list for PBXProject "BeacappiOSSample" */;
			compatibilityVersion = "Xcode 3.2";
			developmentRegion = English;
			hasScannedForEncodings = 0;
			knownRegions = (
				en,
				Base,
			);
			mainGroup = AEB3723F1D20EE990072BBF5;
			productRefGroup = AEB372491D20EE990072BBF5 /* Products */;
			projectDirPath = "";
			projectRoot = "";
			targets = (
				AEB372471D20EE990072BBF5 /* BeacappiOSSample */,
				AEB372601D20EE990072BBF5 /* BeacappiOSSampleTests */,
				AEB3726B1D20EE990072BBF5 /* BeacappiOSSampleUITests */,
			);
		};
/* End PBXProject section */

/* Begin PBXResourcesBuildPhase section */
		AEB372461D20EE990072BBF5 /* Resources */ = {
			isa = PBXResourcesBuildPhase;
			buildActionMask = 2147483647;
			files = (
				AEB3725B1D20EE990072BBF5 /* LaunchScreen.storyboard in Resources */,
				AEB372581D20EE990072BBF5 /* Assets.xcassets in Resources */,
				AEB372561D20EE990072BBF5 /* Main.storyboard in Resources */,
			);
			runOnlyForDeploymentPostprocessing = 0;
		};
		AEB3725F1D20EE990072BBF5 /* Resources */ = {
			isa = PBXResourcesBuildPhase;
			buildActionMask = 2147483647;
			files = (
			);
			runOnlyForDeploymentPostprocessing = 0;
		};
		AEB3726A1D20EE990072BBF5 /* Resources */ = {
			isa = PBXResourcesBuildPhase;
			buildActionMask = 2147483647;
			files = (
			);
			runOnlyForDeploymentPostprocessing = 0;
		};
/* End PBXResourcesBuildPhase section */

/* Begin PBXShellScriptBuildPhase section */
		0B503B11964B13DF2310B45F /* [CP] Embed Pods Frameworks */ = {
			isa = PBXShellScriptBuildPhase;
			buildActionMask = 2147483647;
			files = (
			);
			inputPaths = (
			);
			name = "[CP] Embed Pods Frameworks";
			outputPaths = (
			);
			runOnlyForDeploymentPostprocessing = 0;
			shellPath = /bin/sh;
			shellScript = "\"${SRCROOT}/Pods/Target Support Files/Pods-BeacappiOSSample/Pods-BeacappiOSSample-frameworks.sh\"\n";
			showEnvVarsInLog = 0;
		};
		16BB674C261E0F02424BEF25 /* [CP] Check Pods Manifest.lock */ = {
			isa = PBXShellScriptBuildPhase;
			buildActionMask = 2147483647;
			files = (
			);
			inputPaths = (
			);
			name = "[CP] Check Pods Manifest.lock";
			outputPaths = (
			);
			runOnlyForDeploymentPostprocessing = 0;
			shellPath = /bin/sh;
			shellScript = "diff \"${PODS_ROOT}/../Podfile.lock\" \"${PODS_ROOT}/Manifest.lock\" > /dev/null\nif [[ $? != 0 ]] ; then\n    cat << EOM\nerror: The sandbox is not in sync with the Podfile.lock. Run 'pod install' or update your CocoaPods installation.\nEOM\n    exit 1\nfi\n";
			showEnvVarsInLog = 0;
		};
		55C078DE248FD3BB8D7B0426 /* [CP] Copy Pods Resources */ = {
			isa = PBXShellScriptBuildPhase;
			buildActionMask = 2147483647;
			files = (
			);
			inputPaths = (
			);
			name = "[CP] Copy Pods Resources";
			outputPaths = (
			);
			runOnlyForDeploymentPostprocessing = 0;
			shellPath = /bin/sh;
			shellScript = "\"${SRCROOT}/Pods/Target Support Files/Pods-BeacappiOSSampleUITests/Pods-BeacappiOSSampleUITests-resources.sh\"\n";
			showEnvVarsInLog = 0;
		};
		7F57886D34502B86E7439366 /* [CP] Copy Pods Resources */ = {
			isa = PBXShellScriptBuildPhase;
			buildActionMask = 2147483647;
			files = (
			);
			inputPaths = (
			);
			name = "[CP] Copy Pods Resources";
			outputPaths = (
			);
			runOnlyForDeploymentPostprocessing = 0;
			shellPath = /bin/sh;
			shellScript = "\"${SRCROOT}/Pods/Target Support Files/Pods-BeacappiOSSampleTests/Pods-BeacappiOSSampleTests-resources.sh\"\n";
			showEnvVarsInLog = 0;
		};
		C4BBD3E378A968F24C0760AB /* [CP] Check Pods Manifest.lock */ = {
			isa = PBXShellScriptBuildPhase;
			buildActionMask = 2147483647;
			files = (
			);
			inputPaths = (
			);
			name = "[CP] Check Pods Manifest.lock";
			outputPaths = (
			);
			runOnlyForDeploymentPostprocessing = 0;
			shellPath = /bin/sh;
			shellScript = "diff \"${PODS_ROOT}/../Podfile.lock\" \"${PODS_ROOT}/Manifest.lock\" > /dev/null\nif [[ $? != 0 ]] ; then\n    cat << EOM\nerror: The sandbox is not in sync with the Podfile.lock. Run 'pod install' or update your CocoaPods installation.\nEOM\n    exit 1\nfi\n";
			showEnvVarsInLog = 0;
		};
		D9145A75F266BC0E76B81851 /* [CP] Embed Pods Frameworks */ = {
			isa = PBXShellScriptBuildPhase;
			buildActionMask = 2147483647;
			files = (
			);
			inputPaths = (
			);
			name = "[CP] Embed Pods Frameworks";
			outputPaths = (
			);
			runOnlyForDeploymentPostprocessing = 0;
			shellPath = /bin/sh;
			shellScript = "\"${SRCROOT}/Pods/Target Support Files/Pods-BeacappiOSSampleTests/Pods-BeacappiOSSampleTests-frameworks.sh\"\n";
			showEnvVarsInLog = 0;
		};
		F12369CF3394D93D42F1E308 /* [CP] Check Pods Manifest.lock */ = {
			isa = PBXShellScriptBuildPhase;
			buildActionMask = 2147483647;
			files = (
			);
			inputPaths = (
			);
			name = "[CP] Check Pods Manifest.lock";
			outputPaths = (
			);
			runOnlyForDeploymentPostprocessing = 0;
			shellPath = /bin/sh;
			shellScript = "diff \"${PODS_ROOT}/../Podfile.lock\" \"${PODS_ROOT}/Manifest.lock\" > /dev/null\nif [[ $? != 0 ]] ; then\n    cat << EOM\nerror: The sandbox is not in sync with the Podfile.lock. Run 'pod install' or update your CocoaPods installation.\nEOM\n    exit 1\nfi\n";
			showEnvVarsInLog = 0;
		};
		FF7E91455BA09137C512A1D1 /* [CP] Copy Pods Resources */ = {
			isa = PBXShellScriptBuildPhase;
			buildActionMask = 2147483647;
			files = (
			);
			inputPaths = (
			);
			name = "[CP] Copy Pods Resources";
			outputPaths = (
			);
			runOnlyForDeploymentPostprocessing = 0;
			shellPath = /bin/sh;
			shellScript = "\"${SRCROOT}/Pods/Target Support Files/Pods-BeacappiOSSample/Pods-BeacappiOSSample-resources.sh\"\n";
			showEnvVarsInLog = 0;
		};
/* End PBXShellScriptBuildPhase section */

/* Begin PBXSourcesBuildPhase section */
		AEB372441D20EE990072BBF5 /* Sources */ = {
			isa = PBXSourcesBuildPhase;
			buildActionMask = 2147483647;
			files = (
				AEB372531D20EE990072BBF5 /* ViewController.m in Sources */,
				AEB372501D20EE990072BBF5 /* AppDelegate.m in Sources */,
				AEB3724D1D20EE990072BBF5 /* main.m in Sources */,
			);
			runOnlyForDeploymentPostprocessing = 0;
		};
		AEB3725D1D20EE990072BBF5 /* Sources */ = {
			isa = PBXSourcesBuildPhase;
			buildActionMask = 2147483647;
			files = (
				AEB372661D20EE990072BBF5 /* BeacappiOSSampleTests.m in Sources */,
			);
			runOnlyForDeploymentPostprocessing = 0;
		};
		AEB372681D20EE990072BBF5 /* Sources */ = {
			isa = PBXSourcesBuildPhase;
			buildActionMask = 2147483647;
			files = (
				AEB372711D20EE990072BBF5 /* BeacappiOSSampleUITests.m in Sources */,
			);
			runOnlyForDeploymentPostprocessing = 0;
		};
/* End PBXSourcesBuildPhase section */

/* Begin PBXTargetDependency section */
		AEB372631D20EE990072BBF5 /* PBXTargetDependency */ = {
			isa = PBXTargetDependency;
			target = AEB372471D20EE990072BBF5 /* BeacappiOSSample */;
			targetProxy = AEB372621D20EE990072BBF5 /* PBXContainerItemProxy */;
		};
		AEB3726E1D20EE990072BBF5 /* PBXTargetDependency */ = {
			isa = PBXTargetDependency;
			target = AEB372471D20EE990072BBF5 /* BeacappiOSSample */;
			targetProxy = AEB3726D1D20EE990072BBF5 /* PBXContainerItemProxy */;
		};
/* End PBXTargetDependency section */

/* Begin PBXVariantGroup section */
		AEB372541D20EE990072BBF5 /* Main.storyboard */ = {
			isa = PBXVariantGroup;
			children = (
				AEB372551D20EE990072BBF5 /* Base */,
			);
			name = Main.storyboard;
			sourceTree = "<group>";
		};
		AEB372591D20EE990072BBF5 /* LaunchScreen.storyboard */ = {
			isa = PBXVariantGroup;
			children = (
				AEB3725A1D20EE990072BBF5 /* Base */,
			);
			name = LaunchScreen.storyboard;
			sourceTree = "<group>";
		};
/* End PBXVariantGroup section */

/* Begin XCBuildConfiguration section */
		AEB372731D20EE990072BBF5 /* Debug */ = {
			isa = XCBuildConfiguration;
			buildSettings = {
				ALWAYS_SEARCH_USER_PATHS = NO;
				CLANG_ANALYZER_NONNULL = YES;
				CLANG_CXX_LANGUAGE_STANDARD = "gnu++0x";
				CLANG_CXX_LIBRARY = "libc++";
				CLANG_ENABLE_MODULES = YES;
				CLANG_ENABLE_OBJC_ARC = YES;
				CLANG_WARN_BOOL_CONVERSION = YES;
				CLANG_WARN_CONSTANT_CONVERSION = YES;
				CLANG_WARN_DIRECT_OBJC_ISA_USAGE = YES_ERROR;
				CLANG_WARN_EMPTY_BODY = YES;
				CLANG_WARN_ENUM_CONVERSION = YES;
				CLANG_WARN_INT_CONVERSION = YES;
				CLANG_WARN_OBJC_ROOT_CLASS = YES_ERROR;
				CLANG_WARN_UNREACHABLE_CODE = YES;
				CLANG_WARN__DUPLICATE_METHOD_MATCH = YES;
				"CODE_SIGN_IDENTITY[sdk=iphoneos*]" = "iPhone Developer";
				COPY_PHASE_STRIP = NO;
				DEBUG_INFORMATION_FORMAT = dwarf;
				ENABLE_STRICT_OBJC_MSGSEND = YES;
				ENABLE_TESTABILITY = YES;
				GCC_C_LANGUAGE_STANDARD = gnu99;
				GCC_DYNAMIC_NO_PIC = NO;
				GCC_NO_COMMON_BLOCKS = YES;
				GCC_OPTIMIZATION_LEVEL = 0;
				GCC_PREPROCESSOR_DEFINITIONS = (
					"DEBUG=1",
					"$(inherited)",
				);
				GCC_WARN_64_TO_32_BIT_CONVERSION = YES;
				GCC_WARN_ABOUT_RETURN_TYPE = YES_ERROR;
				GCC_WARN_UNDECLARED_SELECTOR = YES;
				GCC_WARN_UNINITIALIZED_AUTOS = YES_AGGRESSIVE;
				GCC_WARN_UNUSED_FUNCTION = YES;
				GCC_WARN_UNUSED_VARIABLE = YES;
				IPHONEOS_DEPLOYMENT_TARGET = 9.3;
				MTL_ENABLE_DEBUG_INFO = YES;
				ONLY_ACTIVE_ARCH = YES;
				SDKROOT = iphoneos;
			};
			name = Debug;
		};
		AEB372741D20EE990072BBF5 /* Release */ = {
			isa = XCBuildConfiguration;
			buildSettings = {
				ALWAYS_SEARCH_USER_PATHS = NO;
				CLANG_ANALYZER_NONNULL = YES;
				CLANG_CXX_LANGUAGE_STANDARD = "gnu++0x";
				CLANG_CXX_LIBRARY = "libc++";
				CLANG_ENABLE_MODULES = YES;
				CLANG_ENABLE_OBJC_ARC = YES;
				CLANG_WARN_BOOL_CONVERSION = YES;
				CLANG_WARN_CONSTANT_CONVERSION = YES;
				CLANG_WARN_DIRECT_OBJC_ISA_USAGE = YES_ERROR;
				CLANG_WARN_EMPTY_BODY = YES;
				CLANG_WARN_ENUM_CONVERSION = YES;
				CLANG_WARN_INT_CONVERSION = YES;
				CLANG_WARN_OBJC_ROOT_CLASS = YES_ERROR;
				CLANG_WARN_UNREACHABLE_CODE = YES;
				CLANG_WARN__DUPLICATE_METHOD_MATCH = YES;
				"CODE_SIGN_IDENTITY[sdk=iphoneos*]" = "iPhone Developer";
				COPY_PHASE_STRIP = NO;
				DEBUG_INFORMATION_FORMAT = "dwarf-with-dsym";
				ENABLE_NS_ASSERTIONS = NO;
				ENABLE_STRICT_OBJC_MSGSEND = YES;
				GCC_C_LANGUAGE_STANDARD = gnu99;
				GCC_NO_COMMON_BLOCKS = YES;
				GCC_WARN_64_TO_32_BIT_CONVERSION = YES;
				GCC_WARN_ABOUT_RETURN_TYPE = YES_ERROR;
				GCC_WARN_UNDECLARED_SELECTOR = YES;
				GCC_WARN_UNINITIALIZED_AUTOS = YES_AGGRESSIVE;
				GCC_WARN_UNUSED_FUNCTION = YES;
				GCC_WARN_UNUSED_VARIABLE = YES;
				IPHONEOS_DEPLOYMENT_TARGET = 9.3;
				MTL_ENABLE_DEBUG_INFO = NO;
				SDKROOT = iphoneos;
				VALIDATE_PRODUCT = YES;
			};
			name = Release;
		};
		AEB372761D20EE990072BBF5 /* Debug */ = {
			isa = XCBuildConfiguration;
			baseConfigurationReference = E05E811EF9177952E1D88ABB /* Pods-BeacappiOSSample.debug.xcconfig */;
			buildSettings = {
				ASSETCATALOG_COMPILER_APPICON_NAME = AppIcon;
				ENABLE_BITCODE = NO;
				INFOPLIST_FILE = BeacappiOSSample/Info.plist;
				LD_RUNPATH_SEARCH_PATHS = "$(inherited) @executable_path/Frameworks";
				PRODUCT_BUNDLE_IDENTIFIER = jp.co.jmas.demo.BeacappiOSSample;
				PRODUCT_NAME = "$(TARGET_NAME)";
			};
			name = Debug;
		};
		AEB372771D20EE990072BBF5 /* Release */ = {
			isa = XCBuildConfiguration;
			baseConfigurationReference = E87A8A1A6EE766D723FBFD20 /* Pods-BeacappiOSSample.release.xcconfig */;
			buildSettings = {
				ASSETCATALOG_COMPILER_APPICON_NAME = AppIcon;
				ENABLE_BITCODE = NO;
				INFOPLIST_FILE = BeacappiOSSample/Info.plist;
				LD_RUNPATH_SEARCH_PATHS = "$(inherited) @executable_path/Frameworks";
				PRODUCT_BUNDLE_IDENTIFIER = jp.co.jmas.demo.BeacappiOSSample;
				PRODUCT_NAME = "$(TARGET_NAME)";
			};
			name = Release;
		};
		AEB372791D20EE990072BBF5 /* Debug */ = {
			isa = XCBuildConfiguration;
			baseConfigurationReference = 0198A5EF498AB84A07FF316A /* Pods-BeacappiOSSampleTests.debug.xcconfig */;
			buildSettings = {
				BUNDLE_LOADER = "$(TEST_HOST)";
				INFOPLIST_FILE = BeacappiOSSampleTests/Info.plist;
				LD_RUNPATH_SEARCH_PATHS = "$(inherited) @executable_path/Frameworks @loader_path/Frameworks";
				PRODUCT_BUNDLE_IDENTIFIER = jp.co.jmas.demo.BeacappiOSSampleTests;
				PRODUCT_NAME = "$(TARGET_NAME)";
				TEST_HOST = "$(BUILT_PRODUCTS_DIR)/BeacappiOSSample.app/BeacappiOSSample";
			};
			name = Debug;
		};
		AEB3727A1D20EE990072BBF5 /* Release */ = {
			isa = XCBuildConfiguration;
			baseConfigurationReference = C356FA92E51E92652DA83C82 /* Pods-BeacappiOSSampleTests.release.xcconfig */;
			buildSettings = {
				BUNDLE_LOADER = "$(TEST_HOST)";
				INFOPLIST_FILE = BeacappiOSSampleTests/Info.plist;
				LD_RUNPATH_SEARCH_PATHS = "$(inherited) @executable_path/Frameworks @loader_path/Frameworks";
				PRODUCT_BUNDLE_IDENTIFIER = jp.co.jmas.demo.BeacappiOSSampleTests;
				PRODUCT_NAME = "$(TARGET_NAME)";
				TEST_HOST = "$(BUILT_PRODUCTS_DIR)/BeacappiOSSample.app/BeacappiOSSample";
			};
			name = Release;
		};
		AEB3727C1D20EE990072BBF5 /* Debug */ = {
			isa = XCBuildConfiguration;
			baseConfigurationReference = B727BAA5D1CF505CCF1F5B8B /* Pods-BeacappiOSSampleUITests.debug.xcconfig */;
			buildSettings = {
				INFOPLIST_FILE = BeacappiOSSampleUITests/Info.plist;
				LD_RUNPATH_SEARCH_PATHS = "$(inherited) @executable_path/Frameworks @loader_path/Frameworks";
				PRODUCT_BUNDLE_IDENTIFIER = jp.co.jmas.demo.BeacappiOSSampleUITests;
				PRODUCT_NAME = "$(TARGET_NAME)";
				TEST_TARGET_NAME = BeacappiOSSample;
			};
			name = Debug;
		};
		AEB3727D1D20EE990072BBF5 /* Release */ = {
			isa = XCBuildConfiguration;
			baseConfigurationReference = 65BDF092FE921DF7DAAE227C /* Pods-BeacappiOSSampleUITests.release.xcconfig */;
			buildSettings = {
				INFOPLIST_FILE = BeacappiOSSampleUITests/Info.plist;
				LD_RUNPATH_SEARCH_PATHS = "$(inherited) @executable_path/Frameworks @loader_path/Frameworks";
				PRODUCT_BUNDLE_IDENTIFIER = jp.co.jmas.demo.BeacappiOSSampleUITests;
				PRODUCT_NAME = "$(TARGET_NAME)";
				TEST_TARGET_NAME = BeacappiOSSample;
			};
			name = Release;
		};
/* End XCBuildConfiguration section */

/* Begin XCConfigurationList section */
		AEB372431D20EE990072BBF5 /* Build configuration list for PBXProject "BeacappiOSSample" */ = {
			isa = XCConfigurationList;
			buildConfigurations = (
				AEB372731D20EE990072BBF5 /* Debug */,
				AEB372741D20EE990072BBF5 /* Release */,
			);
			defaultConfigurationIsVisible = 0;
			defaultConfigurationName = Release;
		};
		AEB372751D20EE990072BBF5 /* Build configuration list for PBXNativeTarget "BeacappiOSSample" */ = {
			isa = XCConfigurationList;
			buildConfigurations = (
				AEB372761D20EE990072BBF5 /* Debug */,
				AEB372771D20EE990072BBF5 /* Release */,
			);
			defaultConfigurationIsVisible = 0;
			defaultConfigurationName = Release;
		};
		AEB372781D20EE990072BBF5 /* Build configuration list for PBXNativeTarget "BeacappiOSSampleTests" */ = {
			isa = XCConfigurationList;
			buildConfigurations = (
				AEB372791D20EE990072BBF5 /* Debug */,
				AEB3727A1D20EE990072BBF5 /* Release */,
			);
			defaultConfigurationIsVisible = 0;
			defaultConfigurationName = Release;
		};
		AEB3727B1D20EE990072BBF5 /* Build configuration list for PBXNativeTarget "BeacappiOSSampleUITests" */ = {
			isa = XCConfigurationList;
			buildConfigurations = (
				AEB3727C1D20EE990072BBF5 /* Debug */,
				AEB3727D1D20EE990072BBF5 /* Release */,
			);
			defaultConfigurationIsVisible = 0;
			defaultConfigurationName = Release;
		};
/* End XCConfigurationList section */
	};
	rootObject = AEB372401D20EE990072BBF5 /* Project object */;
}
